{
    "_meta": {
        "hash": {
            "sha256": "2462d348d87c69f4a2605cd94116c704fabb5f4f70565b74b3aa833b6da63f31"
        },
        "requires": {},
        "sources": [
            {
                "url": "https://pypi.python.org/simple",
                "verify_ssl": true
            }
        ]
    },
    "default": {
        "certifi": {
            "version": "==2017.4.17"
        },
        "chardet": {
            "version": "==3.0.4"
        },
        "idna": {
            "version": "==2.5"
        },
        "requests": {
            "version": "==2.18.1"
        },
        "urllib3": {
            "version": "==1.21.1"
        }
    },
    "develop": {
        "appdirs": {
            "version": "==1.4.3"
        },
        "behave": {
            "version": "==1.2.5"
        },
        "certifi": {
            "version": "==2017.4.17"
        },
        "chardet": {
            "version": "==3.0.4"
        },
        "httmock": {
            "version": "==1.2.6"
        },
        "idna": {
            "version": "==2.5"
        },
        "nose": {
            "version": "==1.3.7"
        },
        "parse": {
            "version": "==1.8.2"
        },
        "parse-type": {
            "version": "==0.3.4"
        },
        "requests": {
            "version": "==2.18.1"
        },
        "six": {
            "version": "==1.10.0"
        },
        "urllib3": {
            "version": "==1.21.1"
        }
    }
}
