{
    "_meta": {
        "hash": {
            "sha256": "423c89464289a9efe8cc3d9b8d7296fbdb5c4aba3403c29d57a85a3727c8dc38"
        },
        "requires": {},
        "sources": [
            {
                "url": "https://pypi.python.org/simple",
                "verify_ssl": true
            }
        ]
    },
    "default": {},
    "develop": {
        "appdirs": {
            "version": "==1.4.3"
        },
        "behave": {
            "version": "==1.2.5"
        },
        "certifi": {
            "version": "==2017.4.17"
        },
        "chardet": {
            "version": "==3.0.4"
        },
        "httmock": {
            "version": "==1.2.6"
        },
        "idna": {
            "version": "==2.5"
        },
        "nose": {
            "version": "==1.3.7"
        },
        "parse": {
            "version": "==1.8.2"
        },
        "parse-type": {
            "version": "==0.3.4"
        },
        "requests": {
            "version": "==2.18.1"
        },
        "six": {
            "version": "==1.10.0"
        },
        "urllib3": {
            "version": "==1.21.1"
        }
    }
}
